
Microsoft Visual Studio Solution File, Format Version 12.00
# Visual Studio Version 16
VisualStudioVersion = 16.0.31205.134
MinimumVisualStudioVersion = 10.0.40219.1
Project("{FAE04EC0-301F-11D3-BF4B-00C04F79EFBC}") = "UCLM Facilities Management System", "UCLM Facilities Management System.csproj", "{71E3FBDB-233F-4339-AFD7-882F20BAB500}"
EndProject
Global
	GlobalSection(SolutionConfigurationPlatforms) = preSolution
		Debug|Any CPU = Debug|Any CPU
		Release|Any CPU = Release|Any CPU
	EndGlobalSection
	GlobalSection(ProjectConfigurationPlatforms) = postSolution
		{71E3FBDB-233F-4339-AFD7-882F20BAB500}.Debug|Any CPU.ActiveCfg = Debug|Any CPU
		{71E3FBDB-233F-4339-AFD7-882F20BAB500}.Debug|Any CPU.Build.0 = Debug|Any CPU
		{71E3FBDB-233F-4339-AFD7-882F20BAB500}.Release|Any CPU.ActiveCfg = Release|Any CPU
		{71E3FBDB-233F-4339-AFD7-882F20BAB500}.Release|Any CPU.Build.0 = Release|Any CPU
	EndGlobalSection
	GlobalSection(SolutionProperties) = preSolution
		HideSolutionNode = FALSE
	EndGlobalSection
	GlobalSection(ExtensibilityGlobals) = postSolution
		SolutionGuid = {2A1DBC31-9404-486D-9206-BBF2809D5F1D}
	EndGlobalSection
EndGlobal
